
Microsoft Visual Studio Solution File, Format Version 12.00
# Visual Studio Version 17
VisualStudioVersion = 17.0.31903.59
MinimumVisualStudioVersion = 10.0.40219.1
Project("{2150E333-8FDC-42A3-9474-1A3956D46DE8}") = "src", "src", "{827E0CD3-B72D-47B6-A68D-7590B98EB39B}"
EndProject
Project("{2150E333-8FDC-42A3-9474-1A3956D46DE8}") = "Core", "Core", "{8D626EA8-CB54-BC41-363A-217881BEBA6E}"
EndProject
Project("{FAE04EC0-301F-11D3-BF4B-00C04F79EFBC}") = "NetToolkit.Core", "src\Core\NetToolkit.Core\NetToolkit.Core.csproj", "{65F3EB51-609A-4E3D-939E-B20E278D0D5B}"
EndProject
Project("{2150E333-8FDC-42A3-9474-1A3956D46DE8}") = "Modules", "Modules", "{EC447DCF-ABFA-6E24-52A5-D7FD48A5C558}"
EndProject
Project("{FAE04EC0-301F-11D3-BF4B-00C04F79EFBC}") = "NetToolkit.Modules.PowerShell", "src\Modules\NetToolkit.Modules.PowerShell\NetToolkit.Modules.PowerShell.csproj", "{8C7117F1-32D2-4302-88FC-9CBB5A0FDCA0}"
EndProject
Project("{FAE04EC0-301F-11D3-BF4B-00C04F79EFBC}") = "NetToolkit.Modules.Network", "src\Modules\NetToolkit.Modules.Network\NetToolkit.Modules.Network.csproj", "{E2970141-331C-4713-B475-FBE5D52EDE19}"
EndProject
Project("{FAE04EC0-301F-11D3-BF4B-00C04F79EFBC}") = "NetToolkit.Modules.SSH", "src\Modules\NetToolkit.Modules.SSH\NetToolkit.Modules.SSH.csproj", "{73921020-4CD9-4F49-BFAA-C63FBD2A2808}"
EndProject
Project("{2150E333-8FDC-42A3-9474-1A3956D46DE8}") = "UI", "UI", "{BBB7B94B-6E11-D9F1-7BA6-9ECA82DB22BF}"
EndProject
Project("{FAE04EC0-301F-11D3-BF4B-00C04F79EFBC}") = "NetToolkit.UI", "src\UI\NetToolkit.UI\NetToolkit.UI.csproj", "{35C8AC4B-5C90-4AA4-B569-100A23704C66}"
EndProject
Project("{2150E333-8FDC-42A3-9474-1A3956D46DE8}") = "tests", "tests", "{0AB3BF05-4346-4AA6-1389-037BE0695223}"
EndProject
Project("{FAE04EC0-301F-11D3-BF4B-00C04F79EFBC}") = "NetToolkit.Tests", "tests\NetToolkit.Tests\NetToolkit.Tests.csproj", "{59191645-D4D7-4DFB-9925-3CD216C2269D}"
EndProject
Project("{FAE04EC0-301F-11D3-BF4B-00C04F79EFBC}") = "NetToolkit.Modules.ScannerAndTopography", "src\Modules\NetToolkit.Modules.ScannerAndTopography\NetToolkit.Modules.ScannerAndTopography.csproj", "{F09D2A0A-A4E8-4C00-8C22-C38DBEE14192}"
EndProject
Project("{FAE04EC0-301F-11D3-BF4B-00C04F79EFBC}") = "NetToolkit.Modules.SecurityScan", "src\Modules\NetToolkit.Modules.SecurityScan\NetToolkit.Modules.SecurityScan.csproj", "{05A147DE-1422-405A-8DC8-4B0ACFBE2DC3}"
EndProject
Project("{FAE04EC0-301F-11D3-BF4B-00C04F79EFBC}") = "NetToolkit.Modules.SshTerminal", "src\Modules\NetToolkit.Modules.SshTerminal\NetToolkit.Modules.SshTerminal.csproj", "{274E18BA-5904-490E-91E2-197D212AFC05}"
EndProject
Project("{FAE04EC0-301F-11D3-BF4B-00C04F79EFBC}") = "NetToolkit.Modules.Education", "src\Modules\NetToolkit.Modules.Education\NetToolkit.Modules.Education.csproj", "{3B89464D-9414-4D2F-835E-0BA2DB1BB14C}"
EndProject
Project("{FAE04EC0-301F-11D3-BF4B-00C04F79EFBC}") = "NetToolkit.Modules.AiOrb", "src\Modules\NetToolkit.Modules.AiOrb\NetToolkit.Modules.AiOrb.csproj", "{CB3A3910-E676-47F3-BDBB-A64D5A9F8FEC}"
EndProject
Project("{FAE04EC0-301F-11D3-BF4B-00C04F79EFBC}") = "NetToolkit.Modules.AiOrb.Tests", "tests\NetToolkit.Modules.AiOrb.Tests\NetToolkit.Modules.AiOrb.Tests.csproj", "{072A433D-75A8-4283-893D-5C8FAD34C4B0}"
EndProject
Project("{FAE04EC0-301F-11D3-BF4B-00C04F79EFBC}") = "NetToolkit.Modules.MicrosoftAdmin", "src\Modules\NetToolkit.Modules.MicrosoftAdmin\NetToolkit.Modules.MicrosoftAdmin.csproj", "{7C31D232-725B-48B1-BD05-4A542FCA61EC}"
EndProject
Project("{FAE04EC0-301F-11D3-BF4B-00C04F79EFBC}") = "NetToolkit.Modules.MicrosoftAdmin.Tests", "tests\NetToolkit.Modules.MicrosoftAdmin.Tests\NetToolkit.Modules.MicrosoftAdmin.Tests.csproj", "{D4BF35AF-7A90-4A0A-A911-D090D7EC2A6B}"
EndProject
Global
	GlobalSection(SolutionConfigurationPlatforms) = preSolution
		Debug|Any CPU = Debug|Any CPU
		Debug|x64 = Debug|x64
		Debug|x86 = Debug|x86
		Release|Any CPU = Release|Any CPU
		Release|x64 = Release|x64
		Release|x86 = Release|x86
	EndGlobalSection
	GlobalSection(ProjectConfigurationPlatforms) = postSolution
		{65F3EB51-609A-4E3D-939E-B20E278D0D5B}.Debug|Any CPU.ActiveCfg = Debug|Any CPU
		{65F3EB51-609A-4E3D-939E-B20E278D0D5B}.Debug|Any CPU.Build.0 = Debug|Any CPU
		{65F3EB51-609A-4E3D-939E-B20E278D0D5B}.Debug|x64.ActiveCfg = Debug|Any CPU
		{65F3EB51-609A-4E3D-939E-B20E278D0D5B}.Debug|x64.Build.0 = Debug|Any CPU
		{65F3EB51-609A-4E3D-939E-B20E278D0D5B}.Debug|x86.ActiveCfg = Debug|Any CPU
		{65F3EB51-609A-4E3D-939E-B20E278D0D5B}.Debug|x86.Build.0 = Debug|Any CPU
		{65F3EB51-609A-4E3D-939E-B20E278D0D5B}.Release|Any CPU.ActiveCfg = Release|Any CPU
		{65F3EB51-609A-4E3D-939E-B20E278D0D5B}.Release|Any CPU.Build.0 = Release|Any CPU
		{65F3EB51-609A-4E3D-939E-B20E278D0D5B}.Release|x64.ActiveCfg = Release|Any CPU
		{65F3EB51-609A-4E3D-939E-B20E278D0D5B}.Release|x64.Build.0 = Release|Any CPU
		{65F3EB51-609A-4E3D-939E-B20E278D0D5B}.Release|x86.ActiveCfg = Release|Any CPU
		{65F3EB51-609A-4E3D-939E-B20E278D0D5B}.Release|x86.Build.0 = Release|Any CPU
		{8C7117F1-32D2-4302-88FC-9CBB5A0FDCA0}.Debug|Any CPU.ActiveCfg = Debug|Any CPU
		{8C7117F1-32D2-4302-88FC-9CBB5A0FDCA0}.Debug|Any CPU.Build.0 = Debug|Any CPU
		{8C7117F1-32D2-4302-88FC-9CBB5A0FDCA0}.Debug|x64.ActiveCfg = Debug|Any CPU
		{8C7117F1-32D2-4302-88FC-9CBB5A0FDCA0}.Debug|x64.Build.0 = Debug|Any CPU
		{8C7117F1-32D2-4302-88FC-9CBB5A0FDCA0}.Debug|x86.ActiveCfg = Debug|Any CPU
		{8C7117F1-32D2-4302-88FC-9CBB5A0FDCA0}.Debug|x86.Build.0 = Debug|Any CPU
		{8C7117F1-32D2-4302-88FC-9CBB5A0FDCA0}.Release|Any CPU.ActiveCfg = Release|Any CPU
		{8C7117F1-32D2-4302-88FC-9CBB5A0FDCA0}.Release|Any CPU.Build.0 = Release|Any CPU
		{8C7117F1-32D2-4302-88FC-9CBB5A0FDCA0}.Release|x64.ActiveCfg = Release|Any CPU
		{8C7117F1-32D2-4302-88FC-9CBB5A0FDCA0}.Release|x64.Build.0 = Release|Any CPU
		{8C7117F1-32D2-4302-88FC-9CBB5A0FDCA0}.Release|x86.ActiveCfg = Release|Any CPU
		{8C7117F1-32D2-4302-88FC-9CBB5A0FDCA0}.Release|x86.Build.0 = Release|Any CPU
		{E2970141-331C-4713-B475-FBE5D52EDE19}.Debug|Any CPU.ActiveCfg = Debug|Any CPU
		{E2970141-331C-4713-B475-FBE5D52EDE19}.Debug|Any CPU.Build.0 = Debug|Any CPU
		{E2970141-331C-4713-B475-FBE5D52EDE19}.Debug|x64.ActiveCfg = Debug|Any CPU
		{E2970141-331C-4713-B475-FBE5D52EDE19}.Debug|x64.Build.0 = Debug|Any CPU
		{E2970141-331C-4713-B475-FBE5D52EDE19}.Debug|x86.ActiveCfg = Debug|Any CPU
		{E2970141-331C-4713-B475-FBE5D52EDE19}.Debug|x86.Build.0 = Debug|Any CPU
		{E2970141-331C-4713-B475-FBE5D52EDE19}.Release|Any CPU.ActiveCfg = Release|Any CPU
		{E2970141-331C-4713-B475-FBE5D52EDE19}.Release|Any CPU.Build.0 = Release|Any CPU
		{E2970141-331C-4713-B475-FBE5D52EDE19}.Release|x64.ActiveCfg = Release|Any CPU
		{E2970141-331C-4713-B475-FBE5D52EDE19}.Release|x64.Build.0 = Release|Any CPU
		{E2970141-331C-4713-B475-FBE5D52EDE19}.Release|x86.ActiveCfg = Release|Any CPU
		{E2970141-331C-4713-B475-FBE5D52EDE19}.Release|x86.Build.0 = Release|Any CPU
		{73921020-4CD9-4F49-BFAA-C63FBD2A2808}.Debug|Any CPU.ActiveCfg = Debug|Any CPU
		{73921020-4CD9-4F49-BFAA-C63FBD2A2808}.Debug|Any CPU.Build.0 = Debug|Any CPU
		{73921020-4CD9-4F49-BFAA-C63FBD2A2808}.Debug|x64.ActiveCfg = Debug|Any CPU
		{73921020-4CD9-4F49-BFAA-C63FBD2A2808}.Debug|x64.Build.0 = Debug|Any CPU
		{73921020-4CD9-4F49-BFAA-C63FBD2A2808}.Debug|x86.ActiveCfg = Debug|Any CPU
		{73921020-4CD9-4F49-BFAA-C63FBD2A2808}.Debug|x86.Build.0 = Debug|Any CPU
		{73921020-4CD9-4F49-BFAA-C63FBD2A2808}.Release|Any CPU.ActiveCfg = Release|Any CPU
		{73921020-4CD9-4F49-BFAA-C63FBD2A2808}.Release|Any CPU.Build.0 = Release|Any CPU
		{73921020-4CD9-4F49-BFAA-C63FBD2A2808}.Release|x64.ActiveCfg = Release|Any CPU
		{73921020-4CD9-4F49-BFAA-C63FBD2A2808}.Release|x64.Build.0 = Release|Any CPU
		{73921020-4CD9-4F49-BFAA-C63FBD2A2808}.Release|x86.ActiveCfg = Release|Any CPU
		{73921020-4CD9-4F49-BFAA-C63FBD2A2808}.Release|x86.Build.0 = Release|Any CPU
		{35C8AC4B-5C90-4AA4-B569-100A23704C66}.Debug|Any CPU.ActiveCfg = Debug|Any CPU
		{35C8AC4B-5C90-4AA4-B569-100A23704C66}.Debug|Any CPU.Build.0 = Debug|Any CPU
		{35C8AC4B-5C90-4AA4-B569-100A23704C66}.Debug|x64.ActiveCfg = Debug|Any CPU
		{35C8AC4B-5C90-4AA4-B569-100A23704C66}.Debug|x64.Build.0 = Debug|Any CPU
		{35C8AC4B-5C90-4AA4-B569-100A23704C66}.Debug|x86.ActiveCfg = Debug|Any CPU
		{35C8AC4B-5C90-4AA4-B569-100A23704C66}.Debug|x86.Build.0 = Debug|Any CPU
		{35C8AC4B-5C90-4AA4-B569-100A23704C66}.Release|Any CPU.ActiveCfg = Release|Any CPU
		{35C8AC4B-5C90-4AA4-B569-100A23704C66}.Release|Any CPU.Build.0 = Release|Any CPU
		{35C8AC4B-5C90-4AA4-B569-100A23704C66}.Release|x64.ActiveCfg = Release|Any CPU
		{35C8AC4B-5C90-4AA4-B569-100A23704C66}.Release|x64.Build.0 = Release|Any CPU
		{35C8AC4B-5C90-4AA4-B569-100A23704C66}.Release|x86.ActiveCfg = Release|Any CPU
		{35C8AC4B-5C90-4AA4-B569-100A23704C66}.Release|x86.Build.0 = Release|Any CPU
		{59191645-D4D7-4DFB-9925-3CD216C2269D}.Debug|Any CPU.ActiveCfg = Debug|Any CPU
		{59191645-D4D7-4DFB-9925-3CD216C2269D}.Debug|Any CPU.Build.0 = Debug|Any CPU
		{59191645-D4D7-4DFB-9925-3CD216C2269D}.Debug|x64.ActiveCfg = Debug|Any CPU
		{59191645-D4D7-4DFB-9925-3CD216C2269D}.Debug|x64.Build.0 = Debug|Any CPU
		{59191645-D4D7-4DFB-9925-3CD216C2269D}.Debug|x86.ActiveCfg = Debug|Any CPU
		{59191645-D4D7-4DFB-9925-3CD216C2269D}.Debug|x86.Build.0 = Debug|Any CPU
		{59191645-D4D7-4DFB-9925-3CD216C2269D}.Release|Any CPU.ActiveCfg = Release|Any CPU
		{59191645-D4D7-4DFB-9925-3CD216C2269D}.Release|Any CPU.Build.0 = Release|Any CPU
		{59191645-D4D7-4DFB-9925-3CD216C2269D}.Release|x64.ActiveCfg = Release|Any CPU
		{59191645-D4D7-4DFB-9925-3CD216C2269D}.Release|x64.Build.0 = Release|Any CPU
		{59191645-D4D7-4DFB-9925-3CD216C2269D}.Release|x86.ActiveCfg = Release|Any CPU
		{59191645-D4D7-4DFB-9925-3CD216C2269D}.Release|x86.Build.0 = Release|Any CPU
		{F09D2A0A-A4E8-4C00-8C22-C38DBEE14192}.Debug|Any CPU.ActiveCfg = Debug|Any CPU
		{F09D2A0A-A4E8-4C00-8C22-C38DBEE14192}.Debug|Any CPU.Build.0 = Debug|Any CPU
		{F09D2A0A-A4E8-4C00-8C22-C38DBEE14192}.Debug|x64.ActiveCfg = Debug|Any CPU
		{F09D2A0A-A4E8-4C00-8C22-C38DBEE14192}.Debug|x64.Build.0 = Debug|Any CPU
		{F09D2A0A-A4E8-4C00-8C22-C38DBEE14192}.Debug|x86.ActiveCfg = Debug|Any CPU
		{F09D2A0A-A4E8-4C00-8C22-C38DBEE14192}.Debug|x86.Build.0 = Debug|Any CPU
		{F09D2A0A-A4E8-4C00-8C22-C38DBEE14192}.Release|Any CPU.ActiveCfg = Release|Any CPU
		{F09D2A0A-A4E8-4C00-8C22-C38DBEE14192}.Release|Any CPU.Build.0 = Release|Any CPU
		{F09D2A0A-A4E8-4C00-8C22-C38DBEE14192}.Release|x64.ActiveCfg = Release|Any CPU
		{F09D2A0A-A4E8-4C00-8C22-C38DBEE14192}.Release|x64.Build.0 = Release|Any CPU
		{F09D2A0A-A4E8-4C00-8C22-C38DBEE14192}.Release|x86.ActiveCfg = Release|Any CPU
		{F09D2A0A-A4E8-4C00-8C22-C38DBEE14192}.Release|x86.Build.0 = Release|Any CPU
		{05A147DE-1422-405A-8DC8-4B0ACFBE2DC3}.Debug|Any CPU.ActiveCfg = Debug|Any CPU
		{05A147DE-1422-405A-8DC8-4B0ACFBE2DC3}.Debug|Any CPU.Build.0 = Debug|Any CPU
		{05A147DE-1422-405A-8DC8-4B0ACFBE2DC3}.Debug|x64.ActiveCfg = Debug|Any CPU
		{05A147DE-1422-405A-8DC8-4B0ACFBE2DC3}.Debug|x64.Build.0 = Debug|Any CPU
		{05A147DE-1422-405A-8DC8-4B0ACFBE2DC3}.Debug|x86.ActiveCfg = Debug|Any CPU
		{05A147DE-1422-405A-8DC8-4B0ACFBE2DC3}.Debug|x86.Build.0 = Debug|Any CPU
		{05A147DE-1422-405A-8DC8-4B0ACFBE2DC3}.Release|Any CPU.ActiveCfg = Release|Any CPU
		{05A147DE-1422-405A-8DC8-4B0ACFBE2DC3}.Release|Any CPU.Build.0 = Release|Any CPU
		{05A147DE-1422-405A-8DC8-4B0ACFBE2DC3}.Release|x64.ActiveCfg = Release|Any CPU
		{05A147DE-1422-405A-8DC8-4B0ACFBE2DC3}.Release|x64.Build.0 = Release|Any CPU
		{05A147DE-1422-405A-8DC8-4B0ACFBE2DC3}.Release|x86.ActiveCfg = Release|Any CPU
		{05A147DE-1422-405A-8DC8-4B0ACFBE2DC3}.Release|x86.Build.0 = Release|Any CPU
		{274E18BA-5904-490E-91E2-197D212AFC05}.Debug|Any CPU.ActiveCfg = Debug|Any CPU
		{274E18BA-5904-490E-91E2-197D212AFC05}.Debug|Any CPU.Build.0 = Debug|Any CPU
		{274E18BA-5904-490E-91E2-197D212AFC05}.Debug|x64.ActiveCfg = Debug|Any CPU
		{274E18BA-5904-490E-91E2-197D212AFC05}.Debug|x64.Build.0 = Debug|Any CPU
		{274E18BA-5904-490E-91E2-197D212AFC05}.Debug|x86.ActiveCfg = Debug|Any CPU
		{274E18BA-5904-490E-91E2-197D212AFC05}.Debug|x86.Build.0 = Debug|Any CPU
		{274E18BA-5904-490E-91E2-197D212AFC05}.Release|Any CPU.ActiveCfg = Release|Any CPU
		{274E18BA-5904-490E-91E2-197D212AFC05}.Release|Any CPU.Build.0 = Release|Any CPU
		{274E18BA-5904-490E-91E2-197D212AFC05}.Release|x64.ActiveCfg = Release|Any CPU
		{274E18BA-5904-490E-91E2-197D212AFC05}.Release|x64.Build.0 = Release|Any CPU
		{274E18BA-5904-490E-91E2-197D212AFC05}.Release|x86.ActiveCfg = Release|Any CPU
		{274E18BA-5904-490E-91E2-197D212AFC05}.Release|x86.Build.0 = Release|Any CPU
		{3B89464D-9414-4D2F-835E-0BA2DB1BB14C}.Debug|Any CPU.ActiveCfg = Debug|Any CPU
		{3B89464D-9414-4D2F-835E-0BA2DB1BB14C}.Debug|Any CPU.Build.0 = Debug|Any CPU
		{3B89464D-9414-4D2F-835E-0BA2DB1BB14C}.Debug|x64.ActiveCfg = Debug|Any CPU
		{3B89464D-9414-4D2F-835E-0BA2DB1BB14C}.Debug|x64.Build.0 = Debug|Any CPU
		{3B89464D-9414-4D2F-835E-0BA2DB1BB14C}.Debug|x86.ActiveCfg = Debug|Any CPU
		{3B89464D-9414-4D2F-835E-0BA2DB1BB14C}.Debug|x86.Build.0 = Debug|Any CPU
		{3B89464D-9414-4D2F-835E-0BA2DB1BB14C}.Release|Any CPU.ActiveCfg = Release|Any CPU
		{3B89464D-9414-4D2F-835E-0BA2DB1BB14C}.Release|Any CPU.Build.0 = Release|Any CPU
		{3B89464D-9414-4D2F-835E-0BA2DB1BB14C}.Release|x64.ActiveCfg = Release|Any CPU
		{3B89464D-9414-4D2F-835E-0BA2DB1BB14C}.Release|x64.Build.0 = Release|Any CPU
		{3B89464D-9414-4D2F-835E-0BA2DB1BB14C}.Release|x86.ActiveCfg = Release|Any CPU
		{3B89464D-9414-4D2F-835E-0BA2DB1BB14C}.Release|x86.Build.0 = Release|Any CPU
		{CB3A3910-E676-47F3-BDBB-A64D5A9F8FEC}.Debug|Any CPU.ActiveCfg = Debug|Any CPU
		{CB3A3910-E676-47F3-BDBB-A64D5A9F8FEC}.Debug|Any CPU.Build.0 = Debug|Any CPU
		{CB3A3910-E676-47F3-BDBB-A64D5A9F8FEC}.Debug|x64.ActiveCfg = Debug|Any CPU
		{CB3A3910-E676-47F3-BDBB-A64D5A9F8FEC}.Debug|x64.Build.0 = Debug|Any CPU
		{CB3A3910-E676-47F3-BDBB-A64D5A9F8FEC}.Debug|x86.ActiveCfg = Debug|Any CPU
		{CB3A3910-E676-47F3-BDBB-A64D5A9F8FEC}.Debug|x86.Build.0 = Debug|Any CPU
		{CB3A3910-E676-47F3-BDBB-A64D5A9F8FEC}.Release|Any CPU.ActiveCfg = Release|Any CPU
		{CB3A3910-E676-47F3-BDBB-A64D5A9F8FEC}.Release|Any CPU.Build.0 = Release|Any CPU
		{CB3A3910-E676-47F3-BDBB-A64D5A9F8FEC}.Release|x64.ActiveCfg = Release|Any CPU
		{CB3A3910-E676-47F3-BDBB-A64D5A9F8FEC}.Release|x64.Build.0 = Release|Any CPU
		{CB3A3910-E676-47F3-BDBB-A64D5A9F8FEC}.Release|x86.ActiveCfg = Release|Any CPU
		{CB3A3910-E676-47F3-BDBB-A64D5A9F8FEC}.Release|x86.Build.0 = Release|Any CPU
		{072A433D-75A8-4283-893D-5C8FAD34C4B0}.Debug|Any CPU.ActiveCfg = Debug|Any CPU
		{072A433D-75A8-4283-893D-5C8FAD34C4B0}.Debug|Any CPU.Build.0 = Debug|Any CPU
		{072A433D-75A8-4283-893D-5C8FAD34C4B0}.Debug|x64.ActiveCfg = Debug|Any CPU
		{072A433D-75A8-4283-893D-5C8FAD34C4B0}.Debug|x64.Build.0 = Debug|Any CPU
		{072A433D-75A8-4283-893D-5C8FAD34C4B0}.Debug|x86.ActiveCfg = Debug|Any CPU
		{072A433D-75A8-4283-893D-5C8FAD34C4B0}.Debug|x86.Build.0 = Debug|Any CPU
		{072A433D-75A8-4283-893D-5C8FAD34C4B0}.Release|Any CPU.ActiveCfg = Release|Any CPU
		{072A433D-75A8-4283-893D-5C8FAD34C4B0}.Release|Any CPU.Build.0 = Release|Any CPU
		{072A433D-75A8-4283-893D-5C8FAD34C4B0}.Release|x64.ActiveCfg = Release|Any CPU
		{072A433D-75A8-4283-893D-5C8FAD34C4B0}.Release|x64.Build.0 = Release|Any CPU
		{072A433D-75A8-4283-893D-5C8FAD34C4B0}.Release|x86.ActiveCfg = Release|Any CPU
		{072A433D-75A8-4283-893D-5C8FAD34C4B0}.Release|x86.Build.0 = Release|Any CPU
		{7C31D232-725B-48B1-BD05-4A542FCA61EC}.Debug|Any CPU.ActiveCfg = Debug|Any CPU
		{7C31D232-725B-48B1-BD05-4A542FCA61EC}.Debug|Any CPU.Build.0 = Debug|Any CPU
		{7C31D232-725B-48B1-BD05-4A542FCA61EC}.Debug|x64.ActiveCfg = Debug|Any CPU
		{7C31D232-725B-48B1-BD05-4A542FCA61EC}.Debug|x64.Build.0 = Debug|Any CPU
		{7C31D232-725B-48B1-BD05-4A542FCA61EC}.Debug|x86.ActiveCfg = Debug|Any CPU
		{7C31D232-725B-48B1-BD05-4A542FCA61EC}.Debug|x86.Build.0 = Debug|Any CPU
		{7C31D232-725B-48B1-BD05-4A542FCA61EC}.Release|Any CPU.ActiveCfg = Release|Any CPU
		{7C31D232-725B-48B1-BD05-4A542FCA61EC}.Release|Any CPU.Build.0 = Release|Any CPU
		{7C31D232-725B-48B1-BD05-4A542FCA61EC}.Release|x64.ActiveCfg = Release|Any CPU
		{7C31D232-725B-48B1-BD05-4A542FCA61EC}.Release|x64.Build.0 = Release|Any CPU
		{7C31D232-725B-48B1-BD05-4A542FCA61EC}.Release|x86.ActiveCfg = Release|Any CPU
		{7C31D232-725B-48B1-BD05-4A542FCA61EC}.Release|x86.Build.0 = Release|Any CPU
		{D4BF35AF-7A90-4A0A-A911-D090D7EC2A6B}.Debug|Any CPU.ActiveCfg = Debug|Any CPU
		{D4BF35AF-7A90-4A0A-A911-D090D7EC2A6B}.Debug|Any CPU.Build.0 = Debug|Any CPU
		{D4BF35AF-7A90-4A0A-A911-D090D7EC2A6B}.Debug|x64.ActiveCfg = Debug|Any CPU
		{D4BF35AF-7A90-4A0A-A911-D090D7EC2A6B}.Debug|x64.Build.0 = Debug|Any CPU
		{D4BF35AF-7A90-4A0A-A911-D090D7EC2A6B}.Debug|x86.ActiveCfg = Debug|Any CPU
		{D4BF35AF-7A90-4A0A-A911-D090D7EC2A6B}.Debug|x86.Build.0 = Debug|Any CPU
		{D4BF35AF-7A90-4A0A-A911-D090D7EC2A6B}.Release|Any CPU.ActiveCfg = Release|Any CPU
		{D4BF35AF-7A90-4A0A-A911-D090D7EC2A6B}.Release|Any CPU.Build.0 = Release|Any CPU
		{D4BF35AF-7A90-4A0A-A911-D090D7EC2A6B}.Release|x64.ActiveCfg = Release|Any CPU
		{D4BF35AF-7A90-4A0A-A911-D090D7EC2A6B}.Release|x64.Build.0 = Release|Any CPU
		{D4BF35AF-7A90-4A0A-A911-D090D7EC2A6B}.Release|x86.ActiveCfg = Release|Any CPU
		{D4BF35AF-7A90-4A0A-A911-D090D7EC2A6B}.Release|x86.Build.0 = Release|Any CPU
	EndGlobalSection
	GlobalSection(SolutionProperties) = preSolution
		HideSolutionNode = FALSE
	EndGlobalSection
	GlobalSection(NestedProjects) = preSolution
		{8D626EA8-CB54-BC41-363A-217881BEBA6E} = {827E0CD3-B72D-47B6-A68D-7590B98EB39B}
		{65F3EB51-609A-4E3D-939E-B20E278D0D5B} = {8D626EA8-CB54-BC41-363A-217881BEBA6E}
		{EC447DCF-ABFA-6E24-52A5-D7FD48A5C558} = {827E0CD3-B72D-47B6-A68D-7590B98EB39B}
		{8C7117F1-32D2-4302-88FC-9CBB5A0FDCA0} = {EC447DCF-ABFA-6E24-52A5-D7FD48A5C558}
		{E2970141-331C-4713-B475-FBE5D52EDE19} = {EC447DCF-ABFA-6E24-52A5-D7FD48A5C558}
		{73921020-4CD9-4F49-BFAA-C63FBD2A2808} = {EC447DCF-ABFA-6E24-52A5-D7FD48A5C558}
		{BBB7B94B-6E11-D9F1-7BA6-9ECA82DB22BF} = {827E0CD3-B72D-47B6-A68D-7590B98EB39B}
		{35C8AC4B-5C90-4AA4-B569-100A23704C66} = {BBB7B94B-6E11-D9F1-7BA6-9ECA82DB22BF}
		{59191645-D4D7-4DFB-9925-3CD216C2269D} = {0AB3BF05-4346-4AA6-1389-037BE0695223}
		{F09D2A0A-A4E8-4C00-8C22-C38DBEE14192} = {EC447DCF-ABFA-6E24-52A5-D7FD48A5C558}
		{05A147DE-1422-405A-8DC8-4B0ACFBE2DC3} = {EC447DCF-ABFA-6E24-52A5-D7FD48A5C558}
		{274E18BA-5904-490E-91E2-197D212AFC05} = {EC447DCF-ABFA-6E24-52A5-D7FD48A5C558}
		{3B89464D-9414-4D2F-835E-0BA2DB1BB14C} = {EC447DCF-ABFA-6E24-52A5-D7FD48A5C558}
		{CB3A3910-E676-47F3-BDBB-A64D5A9F8FEC} = {EC447DCF-ABFA-6E24-52A5-D7FD48A5C558}
		{072A433D-75A8-4283-893D-5C8FAD34C4B0} = {0AB3BF05-4346-4AA6-1389-037BE0695223}
		{7C31D232-725B-48B1-BD05-4A542FCA61EC} = {EC447DCF-ABFA-6E24-52A5-D7FD48A5C558}
		{D4BF35AF-7A90-4A0A-A911-D090D7EC2A6B} = {0AB3BF05-4346-4AA6-1389-037BE0695223}
	EndGlobalSection
EndGlobal
